
Microsoft Visual Studio Solution File, Format Version 12.00
# Visual Studio Version 17
VisualStudioVersion = 17.4.33110.190
MinimumVisualStudioVersion = 10.0.40219.1
Project("{FAE04EC0-301F-11D3-BF4B-00C04F79EFBC}") = "MENUUUU", "00\MENUUUU.csproj", "{6F2C3914-48C5-4470-B9C7-EC28EA66E0D2}"
EndProject
Global
	GlobalSection(SolutionConfigurationPlatforms) = preSolution
		Debug|Any CPU = Debug|Any CPU
		Release|Any CPU = Release|Any CPU
	EndGlobalSection
	GlobalSection(ProjectConfigurationPlatforms) = postSolution
		{6F2C3914-48C5-4470-B9C7-EC28EA66E0D2}.Debug|Any CPU.ActiveCfg = Debug|Any CPU
		{6F2C3914-48C5-4470-B9C7-EC28EA66E0D2}.Debug|Any CPU.Build.0 = Debug|Any CPU
		{6F2C3914-48C5-4470-B9C7-EC28EA66E0D2}.Release|Any CPU.ActiveCfg = Release|Any CPU
		{6F2C3914-48C5-4470-B9C7-EC28EA66E0D2}.Release|Any CPU.Build.0 = Release|Any CPU
	EndGlobalSection
	GlobalSection(SolutionProperties) = preSolution
		HideSolutionNode = FALSE
	EndGlobalSection
	GlobalSection(ExtensibilityGlobals) = postSolution
		SolutionGuid = {298F48E8-AECB-479A-8665-1DB8C6AE4B85}
	EndGlobalSection
EndGlobal
